
Microsoft Visual Studio Solution File, Format Version 12.00
# Visual Studio Version 17
VisualStudioVersion = 17.0.31903.59
MinimumVisualStudioVersion = 10.0.40219.1
Project("{2150E333-8FDC-42A3-9474-1A3956D46DE8}") = "src", "src", "{DF6B2463-B66B-49A8-AC1F-B5B23771CA3D}"
EndProject
Project("{FAE04EC0-301F-11D3-BF4B-00C04F79EFBC}") = "AuctionService", "src\AuctionService\AuctionService.csproj", "{D725218F-CEFE-459C-97F2-46D3AD0AEB2F}"
EndProject
Project("{FAE04EC0-301F-11D3-BF4B-00C04F79EFBC}") = "SearchService", "src\SearchService\SearchService.csproj", "{2A4E8783-A629-40D3-8040-499E1DBAC69B}"
EndProject
Project("{FAE04EC0-301F-11D3-BF4B-00C04F79EFBC}") = "Contracts", "src\Contracts\Contracts.csproj", "{F13A875D-8B16-4D00-A05C-C7FA84D5658B}"
EndProject
Project("{FAE04EC0-301F-11D3-BF4B-00C04F79EFBC}") = "IdentityService", "src\IdentityService\IdentityService.csproj", "{D2D769BF-7671-4A7A-944B-50D4B2AAE374}"
EndProject
Project("{FAE04EC0-301F-11D3-BF4B-00C04F79EFBC}") = "GatewayService", "src\GatewayService\GatewayService.csproj", "{DF75C63A-7486-4450-A1BD-7196A81A4045}"
EndProject
Project("{FAE04EC0-301F-11D3-BF4B-00C04F79EFBC}") = "BiddingService", "src\BiddingService\BiddingService.csproj", "{3B7D9889-1F05-4F79-BE0E-5944D118892E}"
EndProject
Project("{FAE04EC0-301F-11D3-BF4B-00C04F79EFBC}") = "NotificationService", "src\NotificationService\NotificationService.csproj", "{E0AA8E4E-5854-4C8B-B120-B27B3D9312C7}"
EndProject
Global
	GlobalSection(SolutionConfigurationPlatforms) = preSolution
		Debug|Any CPU = Debug|Any CPU
		Release|Any CPU = Release|Any CPU
	EndGlobalSection
	GlobalSection(SolutionProperties) = preSolution
		HideSolutionNode = FALSE
	EndGlobalSection
	GlobalSection(ProjectConfigurationPlatforms) = postSolution
		{D725218F-CEFE-459C-97F2-46D3AD0AEB2F}.Debug|Any CPU.ActiveCfg = Debug|Any CPU
		{D725218F-CEFE-459C-97F2-46D3AD0AEB2F}.Debug|Any CPU.Build.0 = Debug|Any CPU
		{D725218F-CEFE-459C-97F2-46D3AD0AEB2F}.Release|Any CPU.ActiveCfg = Release|Any CPU
		{D725218F-CEFE-459C-97F2-46D3AD0AEB2F}.Release|Any CPU.Build.0 = Release|Any CPU
		{2A4E8783-A629-40D3-8040-499E1DBAC69B}.Debug|Any CPU.ActiveCfg = Debug|Any CPU
		{2A4E8783-A629-40D3-8040-499E1DBAC69B}.Debug|Any CPU.Build.0 = Debug|Any CPU
		{2A4E8783-A629-40D3-8040-499E1DBAC69B}.Release|Any CPU.ActiveCfg = Release|Any CPU
		{2A4E8783-A629-40D3-8040-499E1DBAC69B}.Release|Any CPU.Build.0 = Release|Any CPU
		{F13A875D-8B16-4D00-A05C-C7FA84D5658B}.Debug|Any CPU.ActiveCfg = Debug|Any CPU
		{F13A875D-8B16-4D00-A05C-C7FA84D5658B}.Debug|Any CPU.Build.0 = Debug|Any CPU
		{F13A875D-8B16-4D00-A05C-C7FA84D5658B}.Release|Any CPU.ActiveCfg = Release|Any CPU
		{F13A875D-8B16-4D00-A05C-C7FA84D5658B}.Release|Any CPU.Build.0 = Release|Any CPU
		{D2D769BF-7671-4A7A-944B-50D4B2AAE374}.Debug|Any CPU.ActiveCfg = Debug|Any CPU
		{D2D769BF-7671-4A7A-944B-50D4B2AAE374}.Debug|Any CPU.Build.0 = Debug|Any CPU
		{D2D769BF-7671-4A7A-944B-50D4B2AAE374}.Release|Any CPU.ActiveCfg = Release|Any CPU
		{D2D769BF-7671-4A7A-944B-50D4B2AAE374}.Release|Any CPU.Build.0 = Release|Any CPU
		{DF75C63A-7486-4450-A1BD-7196A81A4045}.Debug|Any CPU.ActiveCfg = Debug|Any CPU
		{DF75C63A-7486-4450-A1BD-7196A81A4045}.Debug|Any CPU.Build.0 = Debug|Any CPU
		{DF75C63A-7486-4450-A1BD-7196A81A4045}.Release|Any CPU.ActiveCfg = Release|Any CPU
		{DF75C63A-7486-4450-A1BD-7196A81A4045}.Release|Any CPU.Build.0 = Release|Any CPU
		{3B7D9889-1F05-4F79-BE0E-5944D118892E}.Debug|Any CPU.ActiveCfg = Debug|Any CPU
		{3B7D9889-1F05-4F79-BE0E-5944D118892E}.Debug|Any CPU.Build.0 = Debug|Any CPU
		{3B7D9889-1F05-4F79-BE0E-5944D118892E}.Release|Any CPU.ActiveCfg = Release|Any CPU
		{3B7D9889-1F05-4F79-BE0E-5944D118892E}.Release|Any CPU.Build.0 = Release|Any CPU
		{E0AA8E4E-5854-4C8B-B120-B27B3D9312C7}.Debug|Any CPU.ActiveCfg = Debug|Any CPU
		{E0AA8E4E-5854-4C8B-B120-B27B3D9312C7}.Debug|Any CPU.Build.0 = Debug|Any CPU
		{E0AA8E4E-5854-4C8B-B120-B27B3D9312C7}.Release|Any CPU.ActiveCfg = Release|Any CPU
		{E0AA8E4E-5854-4C8B-B120-B27B3D9312C7}.Release|Any CPU.Build.0 = Release|Any CPU
	EndGlobalSection
	GlobalSection(NestedProjects) = preSolution
		{D725218F-CEFE-459C-97F2-46D3AD0AEB2F} = {DF6B2463-B66B-49A8-AC1F-B5B23771CA3D}
		{2A4E8783-A629-40D3-8040-499E1DBAC69B} = {DF6B2463-B66B-49A8-AC1F-B5B23771CA3D}
		{F13A875D-8B16-4D00-A05C-C7FA84D5658B} = {DF6B2463-B66B-49A8-AC1F-B5B23771CA3D}
		{D2D769BF-7671-4A7A-944B-50D4B2AAE374} = {DF6B2463-B66B-49A8-AC1F-B5B23771CA3D}
		{DF75C63A-7486-4450-A1BD-7196A81A4045} = {DF6B2463-B66B-49A8-AC1F-B5B23771CA3D}
		{3B7D9889-1F05-4F79-BE0E-5944D118892E} = {DF6B2463-B66B-49A8-AC1F-B5B23771CA3D}
		{E0AA8E4E-5854-4C8B-B120-B27B3D9312C7} = {DF6B2463-B66B-49A8-AC1F-B5B23771CA3D}
	EndGlobalSection
EndGlobal
